// !$*UTF8*$!
{
	archiveVersion = 1;
	classes = {
	};
	objectVersion = 56;
	objects = {

/* Begin PBXBuildFile section */
		FA9C3F852AD247CF00BAAC23 /* AppDelegate.swift in Sources */ = {isa = PBXBuildFile; fileRef = FA9C3F842AD247CF00BAAC23 /* AppDelegate.swift */; };
		FA9C3F872AD247CF00BAAC23 /* SceneDelegate.swift in Sources */ = {isa = PBXBuildFile; fileRef = FA9C3F862AD247CF00BAAC23 /* SceneDelegate.swift */; };
		FA9C3F892AD247CF00BAAC23 /* LogInViewController.swift in Sources */ = {isa = PBXBuildFile; fileRef = FA9C3F882AD247CF00BAAC23 /* LogInViewController.swift */; };
		FA9C3F8C2AD247CF00BAAC23 /* Main.storyboard in Resources */ = {isa = PBXBuildFile; fileRef = FA9C3F8A2AD247CF00BAAC23 /* Main.storyboard */; };
		FA9C3F8E2AD247D000BAAC23 /* Assets.xcassets in Resources */ = {isa = PBXBuildFile; fileRef = FA9C3F8D2AD247D000BAAC23 /* Assets.xcassets */; };
		FA9C3F912AD247D000BAAC23 /* LaunchScreen.storyboard in Resources */ = {isa = PBXBuildFile; fileRef = FA9C3F8F2AD247D000BAAC23 /* LaunchScreen.storyboard */; };
		FA9C3F992AD2607600BAAC23 /* WelcomeViewController.swift in Sources */ = {isa = PBXBuildFile; fileRef = FA9C3F982AD2607600BAAC23 /* WelcomeViewController.swift */; };
		FA9C3F9B2AD5EC2F00BAAC23 /* InformationTabBarController.swift in Sources */ = {isa = PBXBuildFile; fileRef = FA9C3F9A2AD5EC2F00BAAC23 /* InformationTabBarController.swift */; };
		FA9C3F9D2AD62DF700BAAC23 /* userModel.swift in Sources */ = {isa = PBXBuildFile; fileRef = FA9C3F9C2AD62DF700BAAC23 /* userModel.swift */; };
		FA9C3F9F2AD6345300BAAC23 /* UserInfoViewController.swift in Sources */ = {isa = PBXBuildFile; fileRef = FA9C3F9E2AD6345300BAAC23 /* UserInfoViewController.swift */; };
		FA9C3FA12AD6346600BAAC23 /* UserBioViewController.swift in Sources */ = {isa = PBXBuildFile; fileRef = FA9C3FA02AD6346600BAAC23 /* UserBioViewController.swift */; };
		FAEE70A92AD790C600FC4850 /* MainNavigationController.swift in Sources */ = {isa = PBXBuildFile; fileRef = FAEE70A82AD790C600FC4850 /* MainNavigationController.swift */; };
/* End PBXBuildFile section */

/* Begin PBXFileReference section */
		FA9C3F812AD247CF00BAAC23 /* hw5.app */ = {isa = PBXFileReference; explicitFileType = wrapper.application; includeInIndex = 0; path = hw5.app; sourceTree = BUILT_PRODUCTS_DIR; };
		FA9C3F842AD247CF00BAAC23 /* AppDelegate.swift */ = {isa = PBXFileReference; lastKnownFileType = sourcecode.swift; path = AppDelegate.swift; sourceTree = "<group>"; };
		FA9C3F862AD247CF00BAAC23 /* SceneDelegate.swift */ = {isa = PBXFileReference; lastKnownFileType = sourcecode.swift; path = SceneDelegate.swift; sourceTree = "<group>"; };
		FA9C3F882AD247CF00BAAC23 /* LogInViewController.swift */ = {isa = PBXFileReference; lastKnownFileType = sourcecode.swift; path = LogInViewController.swift; sourceTree = "<group>"; };
		FA9C3F8B2AD247CF00BAAC23 /* Base */ = {isa = PBXFileReference; lastKnownFileType = file.storyboard; name = Base; path = Base.lproj/Main.storyboard; sourceTree = "<group>"; };
		FA9C3F8D2AD247D000BAAC23 /* Assets.xcassets */ = {isa = PBXFileReference; lastKnownFileType = folder.assetcatalog; path = Assets.xcassets; sourceTree = "<group>"; };
		FA9C3F902AD247D000BAAC23 /* Base */ = {isa = PBXFileReference; lastKnownFileType = file.storyboard; name = Base; path = Base.lproj/LaunchScreen.storyboard; sourceTree = "<group>"; };
		FA9C3F922AD247D000BAAC23 /* Info.plist */ = {isa = PBXFileReference; lastKnownFileType = text.plist.xml; path = Info.plist; sourceTree = "<group>"; };
		FA9C3F982AD2607600BAAC23 /* WelcomeViewController.swift */ = {isa = PBXFileReference; lastKnownFileType = sourcecode.swift; path = WelcomeViewController.swift; sourceTree = "<group>"; };
		FA9C3F9A2AD5EC2F00BAAC23 /* InformationTabBarController.swift */ = {isa = PBXFileReference; lastKnownFileType = sourcecode.swift; path = InformationTabBarController.swift; sourceTree = "<group>"; };
		FA9C3F9C2AD62DF700BAAC23 /* userModel.swift */ = {isa = PBXFileReference; lastKnownFileType = sourcecode.swift; path = userModel.swift; sourceTree = "<group>"; };
		FA9C3F9E2AD6345300BAAC23 /* UserInfoViewController.swift */ = {isa = PBXFileReference; lastKnownFileType = sourcecode.swift; path = UserInfoViewController.swift; sourceTree = "<group>"; };
		FA9C3FA02AD6346600BAAC23 /* UserBioViewController.swift */ = {isa = PBXFileReference; lastKnownFileType = sourcecode.swift; path = UserBioViewController.swift; sourceTree = "<group>"; };
		FAEE70A82AD790C600FC4850 /* MainNavigationController.swift */ = {isa = PBXFileReference; lastKnownFileType = sourcecode.swift; path = MainNavigationController.swift; sourceTree = "<group>"; };
/* End PBXFileReference section */

/* Begin PBXFrameworksBuildPhase section */
		FA9C3F7E2AD247CF00BAAC23 /* Frameworks */ = {
			isa = PBXFrameworksBuildPhase;
			buildActionMask = 2147483647;
			files = (
			);
			runOnlyForDeploymentPostprocessing = 0;
		};
/* End PBXFrameworksBuildPhase section */

/* Begin PBXGroup section */
		FA9C3F782AD247CF00BAAC23 = {
			isa = PBXGroup;
			children = (
				FA9C3F832AD247CF00BAAC23 /* hw5 */,
				FA9C3F822AD247CF00BAAC23 /* Products */,
			);
			sourceTree = "<group>";
		};
		FA9C3F822AD247CF00BAAC23 /* Products */ = {
			isa = PBXGroup;
			children = (
				FA9C3F812AD247CF00BAAC23 /* hw5.app */,
			);
			name = Products;
			sourceTree = "<group>";
		};
		FA9C3F832AD247CF00BAAC23 /* hw5 */ = {
			isa = PBXGroup;
			children = (
				FA9C3F842AD247CF00BAAC23 /* AppDelegate.swift */,
				FA9C3F862AD247CF00BAAC23 /* SceneDelegate.swift */,
				FA9C3F882AD247CF00BAAC23 /* LogInViewController.swift */,
				FA9C3F982AD2607600BAAC23 /* WelcomeViewController.swift */,
				FA9C3F9A2AD5EC2F00BAAC23 /* InformationTabBarController.swift */,
				FA9C3F9E2AD6345300BAAC23 /* UserInfoViewController.swift */,
				FAEE70A82AD790C600FC4850 /* MainNavigationController.swift */,
				FA9C3FA02AD6346600BAAC23 /* UserBioViewController.swift */,
				FA9C3F9C2AD62DF700BAAC23 /* userModel.swift */,
				FA9C3F8A2AD247CF00BAAC23 /* Main.storyboard */,
				FA9C3F8F2AD247D000BAAC23 /* LaunchScreen.storyboard */,
				FA9C3F8D2AD247D000BAAC23 /* Assets.xcassets */,
				FA9C3F922AD247D000BAAC23 /* Info.plist */,
			);
			path = hw5;
			sourceTree = "<group>";
		};
/* End PBXGroup section */

/* Begin PBXNativeTarget section */
		FA9C3F802AD247CF00BAAC23 /* hw5 */ = {
			isa = PBXNativeTarget;
			buildConfigurationList = FA9C3F952AD247D000BAAC23 /* Build configuration list for PBXNativeTarget "hw5" */;
			buildPhases = (
				FA9C3F7D2AD247CF00BAAC23 /* Sources */,
				FA9C3F7E2AD247CF00BAAC23 /* Frameworks */,
				FA9C3F7F2AD247CF00BAAC23 /* Resources */,
			);
			buildRules = (
			);
			dependencies = (
			);
			name = hw5;
			productName = hw5;
			productReference = FA9C3F812AD247CF00BAAC23 /* hw5.app */;
			productType = "com.apple.product-type.application";
		};
/* End PBXNativeTarget section */

/* Begin PBXProject section */
		FA9C3F792AD247CF00BAAC23 /* Project object */ = {
			isa = PBXProject;
			attributes = {
				BuildIndependentTargetsInParallel = 1;
				LastSwiftUpdateCheck = 1500;
				LastUpgradeCheck = 1500;
				TargetAttributes = {
					FA9C3F802AD247CF00BAAC23 = {
						CreatedOnToolsVersion = 15.0;
					};
				};
			};
			buildConfigurationList = FA9C3F7C2AD247CF00BAAC23 /* Build configuration list for PBXProject "hw5" */;
			compatibilityVersion = "Xcode 14.0";
			developmentRegion = en;
			hasScannedForEncodings = 0;
			knownRegions = (
				en,
				Base,
			);
			mainGroup = FA9C3F782AD247CF00BAAC23;
			productRefGroup = FA9C3F822AD247CF00BAAC23 /* Products */;
			projectDirPath = "";
			projectRoot = "";
			targets = (
				FA9C3F802AD247CF00BAAC23 /* hw5 */,
			);
		};
/* End PBXProject section */

/* Begin PBXResourcesBuildPhase section */
		FA9C3F7F2AD247CF00BAAC23 /* Resources */ = {
			isa = PBXResourcesBuildPhase;
			buildActionMask = 2147483647;
			files = (
				FA9C3F912AD247D000BAAC23 /* LaunchScreen.storyboard in Resources */,
				FA9C3F8E2AD247D000BAAC23 /* Assets.xcassets in Resources */,
				FA9C3F8C2AD247CF00BAAC23 /* Main.storyboard in Resources */,
			);
			runOnlyForDeploymentPostprocessing = 0;
		};
/* End PBXResourcesBuildPhase section */

/* Begin PBXSourcesBuildPhase section */
		FA9C3F7D2AD247CF00BAAC23 /* Sources */ = {
			isa = PBXSourcesBuildPhase;
			buildActionMask = 2147483647;
			files = (
				FAEE70A92AD790C600FC4850 /* MainNavigationController.swift in Sources */,
				FA9C3F892AD247CF00BAAC23 /* LogInViewController.swift in Sources */,
				FA9C3F9F2AD6345300BAAC23 /* UserInfoViewController.swift in Sources */,
				FA9C3F9D2AD62DF700BAAC23 /* userModel.swift in Sources */,
				FA9C3F992AD2607600BAAC23 /* WelcomeViewController.swift in Sources */,
				FA9C3F852AD247CF00BAAC23 /* AppDelegate.swift in Sources */,
				FA9C3F9B2AD5EC2F00BAAC23 /* InformationTabBarController.swift in Sources */,
				FA9C3FA12AD6346600BAAC23 /* UserBioViewController.swift in Sources */,
				FA9C3F872AD247CF00BAAC23 /* SceneDelegate.swift in Sources */,
			);
			runOnlyForDeploymentPostprocessing = 0;
		};
/* End PBXSourcesBuildPhase section */

/* Begin PBXVariantGroup section */
		FA9C3F8A2AD247CF00BAAC23 /* Main.storyboard */ = {
			isa = PBXVariantGroup;
			children = (
				FA9C3F8B2AD247CF00BAAC23 /* Base */,
			);
			name = Main.storyboard;
			sourceTree = "<group>";
		};
		FA9C3F8F2AD247D000BAAC23 /* LaunchScreen.storyboard */ = {
			isa = PBXVariantGroup;
			children = (
				FA9C3F902AD247D000BAAC23 /* Base */,
			);
			name = LaunchScreen.storyboard;
			sourceTree = "<group>";
		};
/* End PBXVariantGroup section */

/* Begin XCBuildConfiguration section */
		FA9C3F932AD247D000BAAC23 /* Debug */ = {
			isa = XCBuildConfiguration;
			buildSettings = {
				ALWAYS_SEARCH_USER_PATHS = NO;
				ASSETCATALOG_COMPILER_GENERATE_SWIFT_ASSET_SYMBOL_EXTENSIONS = YES;
				CLANG_ANALYZER_NONNULL = YES;
				CLANG_ANALYZER_NUMBER_OBJECT_CONVERSION = YES_AGGRESSIVE;
				CLANG_CXX_LANGUAGE_STANDARD = "gnu++20";
				CLANG_ENABLE_MODULES = YES;
				CLANG_ENABLE_OBJC_ARC = YES;
				CLANG_ENABLE_OBJC_WEAK = YES;
				CLANG_WARN_BLOCK_CAPTURE_AUTORELEASING = YES;
				CLANG_WARN_BOOL_CONVERSION = YES;
				CLANG_WARN_COMMA = YES;
				CLANG_WARN_CONSTANT_CONVERSION = YES;
				CLANG_WARN_DEPRECATED_OBJC_IMPLEMENTATIONS = YES;
				CLANG_WARN_DIRECT_OBJC_ISA_USAGE = YES_ERROR;
				CLANG_WARN_DOCUMENTATION_COMMENTS = YES;
				CLANG_WARN_EMPTY_BODY = YES;
				CLANG_WARN_ENUM_CONVERSION = YES;
				CLANG_WARN_INFINITE_RECURSION = YES;
				CLANG_WARN_INT_CONVERSION = YES;
				CLANG_WARN_NON_LITERAL_NULL_CONVERSION = YES;
				CLANG_WARN_OBJC_IMPLICIT_RETAIN_SELF = YES;
				CLANG_WARN_OBJC_LITERAL_CONVERSION = YES;
				CLANG_WARN_OBJC_ROOT_CLASS = YES_ERROR;
				CLANG_WARN_QUOTED_INCLUDE_IN_FRAMEWORK_HEADER = YES;
				CLANG_WARN_RANGE_LOOP_ANALYSIS = YES;
				CLANG_WARN_STRICT_PROTOTYPES = YES;
				CLANG_WARN_SUSPICIOUS_MOVE = YES;
				CLANG_WARN_UNGUARDED_AVAILABILITY = YES_AGGRESSIVE;
				CLANG_WARN_UNREACHABLE_CODE = YES;
				CLANG_WARN__DUPLICATE_METHOD_MATCH = YES;
				COPY_PHASE_STRIP = NO;
				DEBUG_INFORMATION_FORMAT = dwarf;
				ENABLE_STRICT_OBJC_MSGSEND = YES;
				ENABLE_TESTABILITY = YES;
				ENABLE_USER_SCRIPT_SANDBOXING = YES;
				GCC_C_LANGUAGE_STANDARD = gnu17;
				GCC_DYNAMIC_NO_PIC = NO;
				GCC_NO_COMMON_BLOCKS = YES;
				GCC_OPTIMIZATION_LEVEL = 0;
				GCC_PREPROCESSOR_DEFINITIONS = (
					"DEBUG=1",
					"$(inherited)",
				);
				GCC_WARN_64_TO_32_BIT_CONVERSION = YES;
				GCC_WARN_ABOUT_RETURN_TYPE = YES_ERROR;
				GCC_WARN_UNDECLARED_SELECTOR = YES;
				GCC_WARN_UNINITIALIZED_AUTOS = YES_AGGRESSIVE;
				GCC_WARN_UNUSED_FUNCTION = YES;
				GCC_WARN_UNUSED_VARIABLE = YES;
				IPHONEOS_DEPLOYMENT_TARGET = 17.0;
				LOCALIZATION_PREFERS_STRING_CATALOGS = YES;
				MTL_ENABLE_DEBUG_INFO = INCLUDE_SOURCE;
				MTL_FAST_MATH = YES;
				ONLY_ACTIVE_ARCH = YES;
				SDKROOT = iphoneos;
				SWIFT_ACTIVE_COMPILATION_CONDITIONS = "DEBUG $(inherited)";
				SWIFT_OPTIMIZATION_LEVEL = "-Onone";
			};
			name = Debug;
		};
		FA9C3F942AD247D000BAAC23 /* Release */ = {
			isa = XCBuildConfiguration;
			buildSettings = {
				ALWAYS_SEARCH_USER_PATHS = NO;
				ASSETCATALOG_COMPILER_GENERATE_SWIFT_ASSET_SYMBOL_EXTENSIONS = YES;
				CLANG_ANALYZER_NONNULL = YES;
				CLANG_ANALYZER_NUMBER_OBJECT_CONVERSION = YES_AGGRESSIVE;
				CLANG_CXX_LANGUAGE_STANDARD = "gnu++20";
				CLANG_ENABLE_MODULES = YES;
				CLANG_ENABLE_OBJC_ARC = YES;
				CLANG_ENABLE_OBJC_WEAK = YES;
				CLANG_WARN_BLOCK_CAPTURE_AUTORELEASING = YES;
				CLANG_WARN_BOOL_CONVERSION = YES;
				CLANG_WARN_COMMA = YES;
				CLANG_WARN_CONSTANT_CONVERSION = YES;
				CLANG_WARN_DEPRECATED_OBJC_IMPLEMENTATIONS = YES;
				CLANG_WARN_DIRECT_OBJC_ISA_USAGE = YES_ERROR;
				CLANG_WARN_DOCUMENTATION_COMMENTS = YES;
				CLANG_WARN_EMPTY_BODY = YES;
				CLANG_WARN_ENUM_CONVERSION = YES;
				CLANG_WARN_INFINITE_RECURSION = YES;
				CLANG_WARN_INT_CONVERSION = YES;
				CLANG_WARN_NON_LITERAL_NULL_CONVERSION = YES;
				CLANG_WARN_OBJC_IMPLICIT_RETAIN_SELF = YES;
				CLANG_WARN_OBJC_LITERAL_CONVERSION = YES;
				CLANG_WARN_OBJC_ROOT_CLASS = YES_ERROR;
				CLANG_WARN_QUOTED_INCLUDE_IN_FRAMEWORK_HEADER = YES;
				CLANG_WARN_RANGE_LOOP_ANALYSIS = YES;
				CLANG_WARN_STRICT_PROTOTYPES = YES;
				CLANG_WARN_SUSPICIOUS_MOVE = YES;
				CLANG_WARN_UNGUARDED_AVAILABILITY = YES_AGGRESSIVE;
				CLANG_WARN_UNREACHABLE_CODE = YES;
				CLANG_WARN__DUPLICATE_METHOD_MATCH = YES;
				COPY_PHASE_STRIP = NO;
				DEBUG_INFORMATION_FORMAT = "dwarf-with-dsym";
				ENABLE_NS_ASSERTIONS = NO;
				ENABLE_STRICT_OBJC_MSGSEND = YES;
				ENABLE_USER_SCRIPT_SANDBOXING = YES;
				GCC_C_LANGUAGE_STANDARD = gnu17;
				GCC_NO_COMMON_BLOCKS = YES;
				GCC_WARN_64_TO_32_BIT_CONVERSION = YES;
				GCC_WARN_ABOUT_RETURN_TYPE = YES_ERROR;
				GCC_WARN_UNDECLARED_SELECTOR = YES;
				GCC_WARN_UNINITIALIZED_AUTOS = YES_AGGRESSIVE;
				GCC_WARN_UNUSED_FUNCTION = YES;
				GCC_WARN_UNUSED_VARIABLE = YES;
				IPHONEOS_DEPLOYMENT_TARGET = 17.0;
				LOCALIZATION_PREFERS_STRING_CATALOGS = YES;
				MTL_ENABLE_DEBUG_INFO = NO;
				MTL_FAST_MATH = YES;
				SDKROOT = iphoneos;
				SWIFT_COMPILATION_MODE = wholemodule;
				VALIDATE_PRODUCT = YES;
			};
			name = Release;
		};
		FA9C3F962AD247D000BAAC23 /* Debug */ = {
			isa = XCBuildConfiguration;
			buildSettings = {
				ASSETCATALOG_COMPILER_APPICON_NAME = AppIcon;
				ASSETCATALOG_COMPILER_GLOBAL_ACCENT_COLOR_NAME = AccentColor;
				CODE_SIGN_STYLE = Automatic;
				CURRENT_PROJECT_VERSION = 1;
				DEVELOPMENT_TEAM = 7L3P8CKW5V;
				GENERATE_INFOPLIST_FILE = YES;
				INFOPLIST_FILE = hw5/Info.plist;
				INFOPLIST_KEY_UIApplicationSupportsIndirectInputEvents = YES;
				INFOPLIST_KEY_UILaunchStoryboardName = LaunchScreen;
				INFOPLIST_KEY_UIMainStoryboardFile = Main;
				INFOPLIST_KEY_UISupportedInterfaceOrientations = UIInterfaceOrientationPortrait;
				INFOPLIST_KEY_UISupportedInterfaceOrientations_iPad = "UIInterfaceOrientationLandscapeLeft UIInterfaceOrientationLandscapeRight UIInterfaceOrientationPortrait UIInterfaceOrientationPortraitUpsideDown";
				LD_RUNPATH_SEARCH_PATHS = (
					"$(inherited)",
					"@executable_path/Frameworks",
				);
				MARKETING_VERSION = 1.0;
				PRODUCT_BUNDLE_IDENTIFIER = "Alexandru-Brixencov.hw5";
				PRODUCT_NAME = "$(TARGET_NAME)";
				SUPPORTED_PLATFORMS = "iphoneos iphonesimulator";
				SUPPORTS_MACCATALYST = NO;
				SUPPORTS_MAC_DESIGNED_FOR_IPHONE_IPAD = NO;
				SWIFT_EMIT_LOC_STRINGS = YES;
				SWIFT_VERSION = 5.0;
				TARGETED_DEVICE_FAMILY = 1;
			};
			name = Debug;
		};
		FA9C3F972AD247D000BAAC23 /* Release */ = {
			isa = XCBuildConfiguration;
			buildSettings = {
				ASSETCATALOG_COMPILER_APPICON_NAME = AppIcon;
				ASSETCATALOG_COMPILER_GLOBAL_ACCENT_COLOR_NAME = AccentColor;
				CODE_SIGN_STYLE = Automatic;
				CURRENT_PROJECT_VERSION = 1;
				DEVELOPMENT_TEAM = 7L3P8CKW5V;
				GENERATE_INFOPLIST_FILE = YES;
				INFOPLIST_FILE = hw5/Info.plist;
				INFOPLIST_KEY_UIApplicationSupportsIndirectInputEvents = YES;
				INFOPLIST_KEY_UILaunchStoryboardName = LaunchScreen;
				INFOPLIST_KEY_UIMainStoryboardFile = Main;
				INFOPLIST_KEY_UISupportedInterfaceOrientations = UIInterfaceOrientationPortrait;
				INFOPLIST_KEY_UISupportedInterfaceOrientations_iPad = "UIInterfaceOrientationLandscapeLeft UIInterfaceOrientationLandscapeRight UIInterfaceOrientationPortrait UIInterfaceOrientationPortraitUpsideDown";
				LD_RUNPATH_SEARCH_PATHS = (
					"$(inherited)",
					"@executable_path/Frameworks",
				);
				MARKETING_VERSION = 1.0;
				PRODUCT_BUNDLE_IDENTIFIER = "Alexandru-Brixencov.hw5";
				PRODUCT_NAME = "$(TARGET_NAME)";
				SUPPORTED_PLATFORMS = "iphoneos iphonesimulator";
				SUPPORTS_MACCATALYST = NO;
				SUPPORTS_MAC_DESIGNED_FOR_IPHONE_IPAD = NO;
				SWIFT_EMIT_LOC_STRINGS = YES;
				SWIFT_VERSION = 5.0;
				TARGETED_DEVICE_FAMILY = 1;
			};
			name = Release;
		};
/* End XCBuildConfiguration section */

/* Begin XCConfigurationList section */
		FA9C3F7C2AD247CF00BAAC23 /* Build configuration list for PBXProject "hw5" */ = {
			isa = XCConfigurationList;
			buildConfigurations = (
				FA9C3F932AD247D000BAAC23 /* Debug */,
				FA9C3F942AD247D000BAAC23 /* Release */,
			);
			defaultConfigurationIsVisible = 0;
			defaultConfigurationName = Release;
		};
		FA9C3F952AD247D000BAAC23 /* Build configuration list for PBXNativeTarget "hw5" */ = {
			isa = XCConfigurationList;
			buildConfigurations = (
				FA9C3F962AD247D000BAAC23 /* Debug */,
				FA9C3F972AD247D000BAAC23 /* Release */,
			);
			defaultConfigurationIsVisible = 0;
			defaultConfigurationName = Release;
		};
/* End XCConfigurationList section */
	};
	rootObject = FA9C3F792AD247CF00BAAC23 /* Project object */;
}
